
Microsoft Visual Studio Solution File, Format Version 12.00
Project("{2150E333-8FDC-42A3-9474-1A3956D46DE8}") = "ProjectNameLower-ServiceNameLower-svc", "ProjectNameLower-ServiceNameLower-svc", "{40533937-B210-4F9E-9BE0-114AE555FE3F}"
EndProject
Project("{2150E333-8FDC-42A3-9474-1A3956D46DE8}") = "src", "src", "{531C579D-15D0-4A8D-9C11-13D996E5A0EF}"
EndProject
Project("{FAE04EC0-301F-11D3-BF4B-00C04F79EFBC}") = "ProjectName.ServiceName.Svc", "ProjectNameLower-ServiceNameLower-svc\src\ProjectName.ServiceName.Svc\ProjectName.ServiceName.Svc.csproj", "{15F2649E-77D3-4F25-8A37-855E506A4B49}"
EndProject
Global
	GlobalSection(SolutionConfigurationPlatforms) = preSolution
		Debug|Any CPU = Debug|Any CPU
		Release|Any CPU = Release|Any CPU
	EndGlobalSection
	GlobalSection(ProjectConfigurationPlatforms) = postSolution
		{15F2649E-77D3-4F25-8A37-855E506A4B49}.Debug|Any CPU.ActiveCfg = Debug|Any CPU
		{15F2649E-77D3-4F25-8A37-855E506A4B49}.Debug|Any CPU.Build.0 = Debug|Any CPU
		{15F2649E-77D3-4F25-8A37-855E506A4B49}.Release|Any CPU.ActiveCfg = Release|Any CPU
		{15F2649E-77D3-4F25-8A37-855E506A4B49}.Release|Any CPU.Build.0 = Release|Any CPU
	EndGlobalSection
	GlobalSection(NestedProjects) = preSolution
		{531C579D-15D0-4A8D-9C11-13D996E5A0EF} = {40533937-B210-4F9E-9BE0-114AE555FE3F}
		{15F2649E-77D3-4F25-8A37-855E506A4B49} = {531C579D-15D0-4A8D-9C11-13D996E5A0EF}
	EndGlobalSection
EndGlobal
