
Microsoft Visual Studio Solution File, Format Version 12.00
Project("{2150E333-8FDC-42A3-9474-1A3956D46DE8}") = "ProjectNameLower-ServiceNameLower-graphql", "ProjectNameLower-ServiceNameLower-graphql", "{40533937-B210-4F9E-9BE0-114AE555FE3F}"
EndProject
Project("{2150E333-8FDC-42A3-9474-1A3956D46DE8}") = "src", "src", "{531C579D-15D0-4A8D-9C11-13D996E5A0EF}"
EndProject
Project("{FAE04EC0-301F-11D3-BF4B-00C04F79EFBC}") = "ProjectName.ServiceName.GraphQL", "ProjectNameLower-ServiceNameLower-graphql\src\ProjectName.ServiceName.GraphQL\ProjectName.ServiceName.GraphQL.csproj", "{342625F4-3A1D-44CE-BFF3-1BC4DFC45EB9}"
EndProject
Global
	GlobalSection(SolutionConfigurationPlatforms) = preSolution
		Debug|Any CPU = Debug|Any CPU
		Release|Any CPU = Release|Any CPU
	EndGlobalSection
	GlobalSection(ProjectConfigurationPlatforms) = postSolution
		{342625F4-3A1D-44CE-BFF3-1BC4DFC45EB9}.Debug|Any CPU.ActiveCfg = Debug|Any CPU
		{342625F4-3A1D-44CE-BFF3-1BC4DFC45EB9}.Debug|Any CPU.Build.0 = Debug|Any CPU
		{342625F4-3A1D-44CE-BFF3-1BC4DFC45EB9}.Release|Any CPU.ActiveCfg = Release|Any CPU
		{342625F4-3A1D-44CE-BFF3-1BC4DFC45EB9}.Release|Any CPU.Build.0 = Release|Any CPU
	EndGlobalSection
	GlobalSection(NestedProjects) = preSolution
		{531C579D-15D0-4A8D-9C11-13D996E5A0EF} = {40533937-B210-4F9E-9BE0-114AE555FE3F}
		{342625F4-3A1D-44CE-BFF3-1BC4DFC45EB9} = {531C579D-15D0-4A8D-9C11-13D996E5A0EF}
	EndGlobalSection
EndGlobal
